
Microsoft Visual Studio Solution File, Format Version 12.00
# Visual Studio 2013
VisualStudioVersion = 12.0.30501.0
MinimumVisualStudioVersion = 10.0.40219.1
Project("{FAE04EC0-301F-11D3-BF4B-00C04F79EFBC}") = "ApiView", "ApiView\ApiView.csproj", "{3FF9A40D-FA27-43F7-AFF5-ADF458F05C43}"
EndProject
Project("{FAE04EC0-301F-11D3-BF4B-00C04F79EFBC}") = "ApiViewTestWeb", "ApiViewTestWeb\ApiViewTestWeb.csproj", "{DA11B3F8-E90B-47B7-BAF0-4AB17FA57B07}"
EndProject
Project("{FAE04EC0-301F-11D3-BF4B-00C04F79EFBC}") = "BSF.BaseService.OpenApi", "BSF.BaseService.OpenApi\BSF.BaseService.OpenApi.csproj", "{1A46A247-2B07-4178-AD09-1F6B2BC16783}"
EndProject
Global
	GlobalSection(SolutionConfigurationPlatforms) = preSolution
		Debug|Any CPU = Debug|Any CPU
		Release|Any CPU = Release|Any CPU
	EndGlobalSection
	GlobalSection(ProjectConfigurationPlatforms) = postSolution
		{3FF9A40D-FA27-43F7-AFF5-ADF458F05C43}.Debug|Any CPU.ActiveCfg = Debug|Any CPU
		{3FF9A40D-FA27-43F7-AFF5-ADF458F05C43}.Debug|Any CPU.Build.0 = Debug|Any CPU
		{3FF9A40D-FA27-43F7-AFF5-ADF458F05C43}.Release|Any CPU.ActiveCfg = Release|Any CPU
		{3FF9A40D-FA27-43F7-AFF5-ADF458F05C43}.Release|Any CPU.Build.0 = Release|Any CPU
		{DA11B3F8-E90B-47B7-BAF0-4AB17FA57B07}.Debug|Any CPU.ActiveCfg = Debug|Any CPU
		{DA11B3F8-E90B-47B7-BAF0-4AB17FA57B07}.Debug|Any CPU.Build.0 = Debug|Any CPU
		{DA11B3F8-E90B-47B7-BAF0-4AB17FA57B07}.Release|Any CPU.ActiveCfg = Release|Any CPU
		{DA11B3F8-E90B-47B7-BAF0-4AB17FA57B07}.Release|Any CPU.Build.0 = Release|Any CPU
		{1A46A247-2B07-4178-AD09-1F6B2BC16783}.Debug|Any CPU.ActiveCfg = Debug|Any CPU
		{1A46A247-2B07-4178-AD09-1F6B2BC16783}.Debug|Any CPU.Build.0 = Debug|Any CPU
		{1A46A247-2B07-4178-AD09-1F6B2BC16783}.Release|Any CPU.ActiveCfg = Release|Any CPU
		{1A46A247-2B07-4178-AD09-1F6B2BC16783}.Release|Any CPU.Build.0 = Release|Any CPU
	EndGlobalSection
	GlobalSection(SolutionProperties) = preSolution
		HideSolutionNode = FALSE
	EndGlobalSection
EndGlobal
